
Microsoft Visual Studio Solution File, Format Version 12.00
Project("{FAE04EC0-301F-11D3-BF4B-00C04F79EFBC}") = "DodoPizza", "DodoPizza/DodoPizza.csproj", "{77921ABD-0BEA-4F4A-9BA9-9282E6540FBA}"
EndProject
Global
	GlobalSection(SolutionConfigurationPlatforms) = preSolution
		Debug|Any CPU = Debug|Any CPU
		Release|Any CPU = Release|Any CPU
	EndGlobalSection
	GlobalSection(ProjectConfigurationPlatforms) = postSolution
		{77921ABD-0BEA-4F4A-9BA9-9282E6540FBA}.Debug|Any CPU.ActiveCfg = Debug|Any CPU
		{77921ABD-0BEA-4F4A-9BA9-9282E6540FBA}.Debug|Any CPU.Build.0 = Debug|Any CPU
		{77921ABD-0BEA-4F4A-9BA9-9282E6540FBA}.Release|Any CPU.ActiveCfg = Release|Any CPU
		{77921ABD-0BEA-4F4A-9BA9-9282E6540FBA}.Release|Any CPU.Build.0 = Release|Any CPU
	EndGlobalSection
EndGlobal
